
Microsoft Visual Studio Solution File, Format Version 12.00
# Visual Studio Version 16
VisualStudioVersion = 16.0.28917.181
MinimumVisualStudioVersion = 10.0.40219.1
Project("{9A19103F-16F7-4668-BE54-9A1E7A4F7556}") = "Service", "Service\Service.csproj", "{8578B00B-F174-4DFE-924B-9A04C6594799}"
EndProject
Project("{9A19103F-16F7-4668-BE54-9A1E7A4F7556}") = "Storage", "Storage\Storage.csproj", "{F1B34216-E03D-4B1E-BE17-43CCC4BFCEAD}"
EndProject
Project("{9A19103F-16F7-4668-BE54-9A1E7A4F7556}") = "MainApp", "MainApp\MainApp.csproj", "{4345D128-3B8B-4071-A6C8-4FC58119CA92}"
EndProject
Project("{9A19103F-16F7-4668-BE54-9A1E7A4F7556}") = "Infra.Data", "Storage.Abstractions\Infra.Data.csproj", "{90955E57-D92B-41DF-9C4C-371A8245833C}"
EndProject
Project("{9A19103F-16F7-4668-BE54-9A1E7A4F7556}") = "Entity", "Storage.Entity\Entity.csproj", "{11C94CC9-DF8D-46E5-AB28-06281EB8D132}"
EndProject
Global
	GlobalSection(SolutionConfigurationPlatforms) = preSolution
		Debug|Any CPU = Debug|Any CPU
		Release|Any CPU = Release|Any CPU
	EndGlobalSection
	GlobalSection(ProjectConfigurationPlatforms) = postSolution
		{8578B00B-F174-4DFE-924B-9A04C6594799}.Debug|Any CPU.ActiveCfg = Debug|Any CPU
		{8578B00B-F174-4DFE-924B-9A04C6594799}.Debug|Any CPU.Build.0 = Debug|Any CPU
		{8578B00B-F174-4DFE-924B-9A04C6594799}.Release|Any CPU.ActiveCfg = Release|Any CPU
		{8578B00B-F174-4DFE-924B-9A04C6594799}.Release|Any CPU.Build.0 = Release|Any CPU
		{F1B34216-E03D-4B1E-BE17-43CCC4BFCEAD}.Debug|Any CPU.ActiveCfg = Debug|Any CPU
		{F1B34216-E03D-4B1E-BE17-43CCC4BFCEAD}.Debug|Any CPU.Build.0 = Debug|Any CPU
		{F1B34216-E03D-4B1E-BE17-43CCC4BFCEAD}.Release|Any CPU.ActiveCfg = Release|Any CPU
		{F1B34216-E03D-4B1E-BE17-43CCC4BFCEAD}.Release|Any CPU.Build.0 = Release|Any CPU
		{4345D128-3B8B-4071-A6C8-4FC58119CA92}.Debug|Any CPU.ActiveCfg = Debug|Any CPU
		{4345D128-3B8B-4071-A6C8-4FC58119CA92}.Debug|Any CPU.Build.0 = Debug|Any CPU
		{4345D128-3B8B-4071-A6C8-4FC58119CA92}.Release|Any CPU.ActiveCfg = Release|Any CPU
		{4345D128-3B8B-4071-A6C8-4FC58119CA92}.Release|Any CPU.Build.0 = Release|Any CPU
		{90955E57-D92B-41DF-9C4C-371A8245833C}.Debug|Any CPU.ActiveCfg = Debug|Any CPU
		{90955E57-D92B-41DF-9C4C-371A8245833C}.Debug|Any CPU.Build.0 = Debug|Any CPU
		{90955E57-D92B-41DF-9C4C-371A8245833C}.Release|Any CPU.ActiveCfg = Release|Any CPU
		{90955E57-D92B-41DF-9C4C-371A8245833C}.Release|Any CPU.Build.0 = Release|Any CPU
		{11C94CC9-DF8D-46E5-AB28-06281EB8D132}.Debug|Any CPU.ActiveCfg = Debug|Any CPU
		{11C94CC9-DF8D-46E5-AB28-06281EB8D132}.Debug|Any CPU.Build.0 = Debug|Any CPU
		{11C94CC9-DF8D-46E5-AB28-06281EB8D132}.Release|Any CPU.ActiveCfg = Release|Any CPU
		{11C94CC9-DF8D-46E5-AB28-06281EB8D132}.Release|Any CPU.Build.0 = Release|Any CPU
	EndGlobalSection
	GlobalSection(SolutionProperties) = preSolution
		HideSolutionNode = FALSE
	EndGlobalSection
	GlobalSection(ExtensibilityGlobals) = postSolution
		SolutionGuid = {5C08EE01-5625-4D27-B9F6-89E3BA4A35AD}
	EndGlobalSection
EndGlobal
